// !$*UTF8*$!
{
	archiveVersion = 1;
	classes = {
	};
	objectVersion = 70;
	objects = {

/* Begin PBXBuildFile section */
		4F42530A2CA4376700906CA7 /* PurchasedItemsViewController.swift in Sources */ = {isa = PBXBuildFile; fileRef = 4F4253092CA4376700906CA7 /* PurchasedItemsViewController.swift */; };
		4F87B5A92CFA21A200313178 /* Notifications.swift in Sources */ = {isa = PBXBuildFile; fileRef = 4F87B5A82CFA21A200313178 /* Notifications.swift */; };
		4F87B5D82CFC388200313178 /* WidgetKit.framework in Frameworks */ = {isa = PBXBuildFile; fileRef = 4F87B5D72CFC388200313178 /* WidgetKit.framework */; };
		4F87B5DA2CFC388200313178 /* SwiftUI.framework in Frameworks */ = {isa = PBXBuildFile; fileRef = 4F87B5D92CFC388200313178 /* SwiftUI.framework */; };
		4F87B5EB2CFC388400313178 /* ShoppingListWidgetExtension.appex in Embed Foundation Extensions */ = {isa = PBXBuildFile; fileRef = 4F87B5D52CFC388200313178 /* ShoppingListWidgetExtension.appex */; settings = {ATTRIBUTES = (RemoveHeadersOnCopy, ); }; };
		4F87B5F52CFC503700313178 /* SharedModels.swift in Sources */ = {isa = PBXBuildFile; fileRef = 4F87B5F42CFC503700313178 /* SharedModels.swift */; };
		4F87B5F62CFC507A00313178 /* SharedModels.swift in Sources */ = {isa = PBXBuildFile; fileRef = 4F87B5F42CFC503700313178 /* SharedModels.swift */; };
		4F9AD62A2D0D479800458584 /* SharedModels.swift in Sources */ = {isa = PBXBuildFile; fileRef = 4F87B5F42CFC503700313178 /* SharedModels.swift */; };
		4F9AD6322D0D4F8900458584 /* UserDefaultsManager.swift in Sources */ = {isa = PBXBuildFile; fileRef = 4F9AD6312D0D4F7F00458584 /* UserDefaultsManager.swift */; };
		4F9AD6332D0D4F8900458584 /* UserDefaultsManager.swift in Sources */ = {isa = PBXBuildFile; fileRef = 4F9AD6312D0D4F7F00458584 /* UserDefaultsManager.swift */; };
		4F9AD6342D0D4F8900458584 /* UserDefaultsManager.swift in Sources */ = {isa = PBXBuildFile; fileRef = 4F9AD6312D0D4F7F00458584 /* UserDefaultsManager.swift */; };
		4F9AD63C2D13311900458584 /* CustomTabBarController.swift in Sources */ = {isa = PBXBuildFile; fileRef = 4F9AD63B2D13311900458584 /* CustomTabBarController.swift */; };
		4FF4B0A02C60FF0C003ABC54 /* AppDelegate.swift in Sources */ = {isa = PBXBuildFile; fileRef = 4FF4B09F2C60FF0C003ABC54 /* AppDelegate.swift */; };
		4FF4B0A22C60FF0C003ABC54 /* SceneDelegate.swift in Sources */ = {isa = PBXBuildFile; fileRef = 4FF4B0A12C60FF0C003ABC54 /* SceneDelegate.swift */; };
		4FF4B0A42C60FF0C003ABC54 /* TableViewController.swift in Sources */ = {isa = PBXBuildFile; fileRef = 4FF4B0A32C60FF0C003ABC54 /* TableViewController.swift */; };
		4FF4B0A72C60FF0C003ABC54 /* Base in Resources */ = {isa = PBXBuildFile; fileRef = 4FF4B0A62C60FF0C003ABC54 /* Base */; };
		4FF4B0A92C60FF0D003ABC54 /* Assets.xcassets in Resources */ = {isa = PBXBuildFile; fileRef = 4FF4B0A82C60FF0D003ABC54 /* Assets.xcassets */; };
		4FF4B0AC2C60FF0D003ABC54 /* Base in Resources */ = {isa = PBXBuildFile; fileRef = 4FF4B0AB2C60FF0D003ABC54 /* Base */; };
		4FF4B0B42C672C68003ABC54 /* AddItemViewController.swift in Sources */ = {isa = PBXBuildFile; fileRef = 4FF4B0B32C672C68003ABC54 /* AddItemViewController.swift */; };
		4FF4B0B62C672D45003ABC54 /* ItemTableViewCell.swift in Sources */ = {isa = PBXBuildFile; fileRef = 4FF4B0B52C672D45003ABC54 /* ItemTableViewCell.swift */; };
/* End PBXBuildFile section */

/* Begin PBXContainerItemProxy section */
		4F87B5E92CFC388400313178 /* PBXContainerItemProxy */ = {
			isa = PBXContainerItemProxy;
			containerPortal = 4FF4B0942C60FF0C003ABC54 /* Project object */;
			proxyType = 1;
			remoteGlobalIDString = 4F87B5D42CFC388200313178;
			remoteInfo = ShoppingListWidgetExtension;
		};
		4F9AD6252D0D471C00458584 /* PBXContainerItemProxy */ = {
			isa = PBXContainerItemProxy;
			containerPortal = 4FF4B0942C60FF0C003ABC54 /* Project object */;
			proxyType = 1;
			remoteGlobalIDString = 4FF4B09B2C60FF0C003ABC54;
			remoteInfo = MyShoppingList;
		};
/* End PBXContainerItemProxy section */

/* Begin PBXCopyFilesBuildPhase section */
		4F87B5EC2CFC388400313178 /* Embed Foundation Extensions */ = {
			isa = PBXCopyFilesBuildPhase;
			buildActionMask = 2147483647;
			dstPath = "";
			dstSubfolderSpec = 13;
			files = (
				4F87B5EB2CFC388400313178 /* ShoppingListWidgetExtension.appex in Embed Foundation Extensions */,
			);
			name = "Embed Foundation Extensions";
			runOnlyForDeploymentPostprocessing = 0;
		};
/* End PBXCopyFilesBuildPhase section */

/* Begin PBXFileReference section */
		4F4253092CA4376700906CA7 /* PurchasedItemsViewController.swift */ = {isa = PBXFileReference; lastKnownFileType = sourcecode.swift; path = PurchasedItemsViewController.swift; sourceTree = "<group>"; };
		4F87B5A82CFA21A200313178 /* Notifications.swift */ = {isa = PBXFileReference; lastKnownFileType = sourcecode.swift; path = Notifications.swift; sourceTree = "<group>"; };
		4F87B5D52CFC388200313178 /* ShoppingListWidgetExtension.appex */ = {isa = PBXFileReference; explicitFileType = "wrapper.app-extension"; includeInIndex = 0; path = ShoppingListWidgetExtension.appex; sourceTree = BUILT_PRODUCTS_DIR; };
		4F87B5D72CFC388200313178 /* WidgetKit.framework */ = {isa = PBXFileReference; lastKnownFileType = wrapper.framework; name = WidgetKit.framework; path = System/Library/Frameworks/WidgetKit.framework; sourceTree = SDKROOT; };
		4F87B5D92CFC388200313178 /* SwiftUI.framework */ = {isa = PBXFileReference; lastKnownFileType = wrapper.framework; name = SwiftUI.framework; path = System/Library/Frameworks/SwiftUI.framework; sourceTree = SDKROOT; };
		4F87B5F12CFC399F00313178 /* MyShoppingList.entitlements */ = {isa = PBXFileReference; lastKnownFileType = text.plist.entitlements; path = MyShoppingList.entitlements; sourceTree = "<group>"; };
		4F87B5F22CFC39C900313178 /* ShoppingListWidgetExtension.entitlements */ = {isa = PBXFileReference; lastKnownFileType = text.plist.entitlements; path = ShoppingListWidgetExtension.entitlements; sourceTree = "<group>"; };
		4F87B5F42CFC503700313178 /* SharedModels.swift */ = {isa = PBXFileReference; lastKnownFileType = sourcecode.swift; path = SharedModels.swift; sourceTree = "<group>"; };
		4F9AD6212D0D471C00458584 /* MyShoppingListTests.xctest */ = {isa = PBXFileReference; explicitFileType = wrapper.cfbundle; includeInIndex = 0; path = MyShoppingListTests.xctest; sourceTree = BUILT_PRODUCTS_DIR; };
		4F9AD6312D0D4F7F00458584 /* UserDefaultsManager.swift */ = {isa = PBXFileReference; lastKnownFileType = sourcecode.swift; path = UserDefaultsManager.swift; sourceTree = "<group>"; };
		4F9AD63B2D13311900458584 /* CustomTabBarController.swift */ = {isa = PBXFileReference; lastKnownFileType = sourcecode.swift; path = CustomTabBarController.swift; sourceTree = "<group>"; };
		4FF4B09C2C60FF0C003ABC54 /* MyShoppingList.app */ = {isa = PBXFileReference; explicitFileType = wrapper.application; includeInIndex = 0; path = MyShoppingList.app; sourceTree = BUILT_PRODUCTS_DIR; };
		4FF4B09F2C60FF0C003ABC54 /* AppDelegate.swift */ = {isa = PBXFileReference; lastKnownFileType = sourcecode.swift; path = AppDelegate.swift; sourceTree = "<group>"; };
		4FF4B0A12C60FF0C003ABC54 /* SceneDelegate.swift */ = {isa = PBXFileReference; lastKnownFileType = sourcecode.swift; path = SceneDelegate.swift; sourceTree = "<group>"; };
		4FF4B0A32C60FF0C003ABC54 /* TableViewController.swift */ = {isa = PBXFileReference; lastKnownFileType = sourcecode.swift; path = TableViewController.swift; sourceTree = "<group>"; };
		4FF4B0A62C60FF0C003ABC54 /* Base */ = {isa = PBXFileReference; lastKnownFileType = file.storyboard; name = Base; path = Base.lproj/Main.storyboard; sourceTree = "<group>"; };
		4FF4B0A82C60FF0D003ABC54 /* Assets.xcassets */ = {isa = PBXFileReference; lastKnownFileType = folder.assetcatalog; path = Assets.xcassets; sourceTree = "<group>"; };
		4FF4B0AB2C60FF0D003ABC54 /* Base */ = {isa = PBXFileReference; lastKnownFileType = file.storyboard; name = Base; path = Base.lproj/LaunchScreen.storyboard; sourceTree = "<group>"; };
		4FF4B0AD2C60FF0D003ABC54 /* Info.plist */ = {isa = PBXFileReference; lastKnownFileType = text.plist.xml; path = Info.plist; sourceTree = "<group>"; };
		4FF4B0B32C672C68003ABC54 /* AddItemViewController.swift */ = {isa = PBXFileReference; lastKnownFileType = sourcecode.swift; path = AddItemViewController.swift; sourceTree = "<group>"; };
		4FF4B0B52C672D45003ABC54 /* ItemTableViewCell.swift */ = {isa = PBXFileReference; lastKnownFileType = sourcecode.swift; path = ItemTableViewCell.swift; sourceTree = "<group>"; };
/* End PBXFileReference section */

/* Begin PBXFileSystemSynchronizedBuildFileExceptionSet section */
		4F87B5EF2CFC388400313178 /* PBXFileSystemSynchronizedBuildFileExceptionSet */ = {
			isa = PBXFileSystemSynchronizedBuildFileExceptionSet;
			membershipExceptions = (
				Info.plist,
			);
			target = 4F87B5D42CFC388200313178 /* ShoppingListWidgetExtension */;
		};
/* End PBXFileSystemSynchronizedBuildFileExceptionSet section */

/* Begin PBXFileSystemSynchronizedRootGroup section */
		4F87B5DB2CFC388200313178 /* ShoppingListWidget */ = {isa = PBXFileSystemSynchronizedRootGroup; exceptions = (4F87B5EF2CFC388400313178 /* PBXFileSystemSynchronizedBuildFileExceptionSet */, ); explicitFileTypes = {}; explicitFolders = (); path = ShoppingListWidget; sourceTree = "<group>"; };
		4F9AD6222D0D471C00458584 /* MyShoppingListTests */ = {isa = PBXFileSystemSynchronizedRootGroup; explicitFileTypes = {}; explicitFolders = (); path = MyShoppingListTests; sourceTree = "<group>"; };
/* End PBXFileSystemSynchronizedRootGroup section */

/* Begin PBXFrameworksBuildPhase section */
		4F87B5D22CFC388200313178 /* Frameworks */ = {
			isa = PBXFrameworksBuildPhase;
			buildActionMask = 2147483647;
			files = (
				4F87B5DA2CFC388200313178 /* SwiftUI.framework in Frameworks */,
				4F87B5D82CFC388200313178 /* WidgetKit.framework in Frameworks */,
			);
			runOnlyForDeploymentPostprocessing = 0;
		};
		4F9AD61E2D0D471C00458584 /* Frameworks */ = {
			isa = PBXFrameworksBuildPhase;
			buildActionMask = 2147483647;
			files = (
			);
			runOnlyForDeploymentPostprocessing = 0;
		};
		4FF4B0992C60FF0C003ABC54 /* Frameworks */ = {
			isa = PBXFrameworksBuildPhase;
			buildActionMask = 2147483647;
			files = (
			);
			runOnlyForDeploymentPostprocessing = 0;
		};
/* End PBXFrameworksBuildPhase section */

/* Begin PBXGroup section */
		4F87B5D62CFC388200313178 /* Frameworks */ = {
			isa = PBXGroup;
			children = (
				4F87B5D72CFC388200313178 /* WidgetKit.framework */,
				4F87B5D92CFC388200313178 /* SwiftUI.framework */,
			);
			name = Frameworks;
			sourceTree = "<group>";
		};
		4F87B5F32CFC500D00313178 /* Shared */ = {
			isa = PBXGroup;
			children = (
				4F9AD6312D0D4F7F00458584 /* UserDefaultsManager.swift */,
				4F87B5F42CFC503700313178 /* SharedModels.swift */,
			);
			path = Shared;
			sourceTree = "<group>";
		};
		4FF4B0932C60FF0C003ABC54 = {
			isa = PBXGroup;
			children = (
				4F87B5F22CFC39C900313178 /* ShoppingListWidgetExtension.entitlements */,
				4F87B5F32CFC500D00313178 /* Shared */,
				4FF4B09E2C60FF0C003ABC54 /* MyShoppingList */,
				4F87B5DB2CFC388200313178 /* ShoppingListWidget */,
				4F9AD6222D0D471C00458584 /* MyShoppingListTests */,
				4F87B5D62CFC388200313178 /* Frameworks */,
				4FF4B09D2C60FF0C003ABC54 /* Products */,
			);
			sourceTree = "<group>";
		};
		4FF4B09D2C60FF0C003ABC54 /* Products */ = {
			isa = PBXGroup;
			children = (
				4FF4B09C2C60FF0C003ABC54 /* MyShoppingList.app */,
				4F87B5D52CFC388200313178 /* ShoppingListWidgetExtension.appex */,
				4F9AD6212D0D471C00458584 /* MyShoppingListTests.xctest */,
			);
			name = Products;
			sourceTree = "<group>";
		};
		4FF4B09E2C60FF0C003ABC54 /* MyShoppingList */ = {
			isa = PBXGroup;
			children = (
				4F87B5F12CFC399F00313178 /* MyShoppingList.entitlements */,
				4FF4B09F2C60FF0C003ABC54 /* AppDelegate.swift */,
				4FF4B0A12C60FF0C003ABC54 /* SceneDelegate.swift */,
				4FF4B0A32C60FF0C003ABC54 /* TableViewController.swift */,
				4F4253092CA4376700906CA7 /* PurchasedItemsViewController.swift */,
				4FF4B0B32C672C68003ABC54 /* AddItemViewController.swift */,
				4FF4B0B52C672D45003ABC54 /* ItemTableViewCell.swift */,
				4F9AD63B2D13311900458584 /* CustomTabBarController.swift */,
				4F87B5A82CFA21A200313178 /* Notifications.swift */,
				4FF4B0A52C60FF0C003ABC54 /* Main.storyboard */,
				4FF4B0A82C60FF0D003ABC54 /* Assets.xcassets */,
				4FF4B0AA2C60FF0D003ABC54 /* LaunchScreen.storyboard */,
				4FF4B0AD2C60FF0D003ABC54 /* Info.plist */,
			);
			path = MyShoppingList;
			sourceTree = "<group>";
		};
/* End PBXGroup section */

/* Begin PBXNativeTarget section */
		4F87B5D42CFC388200313178 /* ShoppingListWidgetExtension */ = {
			isa = PBXNativeTarget;
			buildConfigurationList = 4F87B5F02CFC388400313178 /* Build configuration list for PBXNativeTarget "ShoppingListWidgetExtension" */;
			buildPhases = (
				4F87B5D12CFC388200313178 /* Sources */,
				4F87B5D22CFC388200313178 /* Frameworks */,
				4F87B5D32CFC388200313178 /* Resources */,
			);
			buildRules = (
			);
			dependencies = (
			);
			fileSystemSynchronizedGroups = (
				4F87B5DB2CFC388200313178 /* ShoppingListWidget */,
			);
			name = ShoppingListWidgetExtension;
			packageProductDependencies = (
			);
			productName = ShoppingListWidgetExtension;
			productReference = 4F87B5D52CFC388200313178 /* ShoppingListWidgetExtension.appex */;
			productType = "com.apple.product-type.app-extension";
		};
		4F9AD6202D0D471C00458584 /* MyShoppingListTests */ = {
			isa = PBXNativeTarget;
			buildConfigurationList = 4F9AD6292D0D471C00458584 /* Build configuration list for PBXNativeTarget "MyShoppingListTests" */;
			buildPhases = (
				4F9AD61D2D0D471C00458584 /* Sources */,
				4F9AD61E2D0D471C00458584 /* Frameworks */,
				4F9AD61F2D0D471C00458584 /* Resources */,
			);
			buildRules = (
			);
			dependencies = (
				4F9AD6262D0D471C00458584 /* PBXTargetDependency */,
			);
			fileSystemSynchronizedGroups = (
				4F9AD6222D0D471C00458584 /* MyShoppingListTests */,
			);
			name = MyShoppingListTests;
			packageProductDependencies = (
			);
			productName = MyShoppingListTests;
			productReference = 4F9AD6212D0D471C00458584 /* MyShoppingListTests.xctest */;
			productType = "com.apple.product-type.bundle.unit-test";
		};
		4FF4B09B2C60FF0C003ABC54 /* MyShoppingList */ = {
			isa = PBXNativeTarget;
			buildConfigurationList = 4FF4B0B02C60FF0D003ABC54 /* Build configuration list for PBXNativeTarget "MyShoppingList" */;
			buildPhases = (
				4FF4B0982C60FF0C003ABC54 /* Sources */,
				4FF4B0992C60FF0C003ABC54 /* Frameworks */,
				4FF4B09A2C60FF0C003ABC54 /* Resources */,
				4F87B5EC2CFC388400313178 /* Embed Foundation Extensions */,
			);
			buildRules = (
			);
			dependencies = (
				4F87B5EA2CFC388400313178 /* PBXTargetDependency */,
			);
			name = MyShoppingList;
			productName = MyShoppingList;
			productReference = 4FF4B09C2C60FF0C003ABC54 /* MyShoppingList.app */;
			productType = "com.apple.product-type.application";
		};
/* End PBXNativeTarget section */

/* Begin PBXProject section */
		4FF4B0942C60FF0C003ABC54 /* Project object */ = {
			isa = PBXProject;
			attributes = {
				BuildIndependentTargetsInParallel = 1;
				LastSwiftUpdateCheck = 1620;
				LastUpgradeCheck = 1540;
				TargetAttributes = {
					4F87B5D42CFC388200313178 = {
						CreatedOnToolsVersion = 16.1;
					};
					4F9AD6202D0D471C00458584 = {
						CreatedOnToolsVersion = 16.2;
						TestTargetID = 4FF4B09B2C60FF0C003ABC54;
					};
					4FF4B09B2C60FF0C003ABC54 = {
						CreatedOnToolsVersion = 15.4;
					};
				};
			};
			buildConfigurationList = 4FF4B0972C60FF0C003ABC54 /* Build configuration list for PBXProject "MyShoppingList" */;
			compatibilityVersion = "Xcode 14.0";
			developmentRegion = en;
			hasScannedForEncodings = 0;
			knownRegions = (
				en,
				Base,
			);
			mainGroup = 4FF4B0932C60FF0C003ABC54;
			productRefGroup = 4FF4B09D2C60FF0C003ABC54 /* Products */;
			projectDirPath = "";
			projectRoot = "";
			targets = (
				4FF4B09B2C60FF0C003ABC54 /* MyShoppingList */,
				4F87B5D42CFC388200313178 /* ShoppingListWidgetExtension */,
				4F9AD6202D0D471C00458584 /* MyShoppingListTests */,
			);
		};
/* End PBXProject section */

/* Begin PBXResourcesBuildPhase section */
		4F87B5D32CFC388200313178 /* Resources */ = {
			isa = PBXResourcesBuildPhase;
			buildActionMask = 2147483647;
			files = (
			);
			runOnlyForDeploymentPostprocessing = 0;
		};
		4F9AD61F2D0D471C00458584 /* Resources */ = {
			isa = PBXResourcesBuildPhase;
			buildActionMask = 2147483647;
			files = (
			);
			runOnlyForDeploymentPostprocessing = 0;
		};
		4FF4B09A2C60FF0C003ABC54 /* Resources */ = {
			isa = PBXResourcesBuildPhase;
			buildActionMask = 2147483647;
			files = (
				4FF4B0A92C60FF0D003ABC54 /* Assets.xcassets in Resources */,
				4FF4B0AC2C60FF0D003ABC54 /* Base in Resources */,
				4FF4B0A72C60FF0C003ABC54 /* Base in Resources */,
			);
			runOnlyForDeploymentPostprocessing = 0;
		};
/* End PBXResourcesBuildPhase section */

/* Begin PBXSourcesBuildPhase section */
		4F87B5D12CFC388200313178 /* Sources */ = {
			isa = PBXSourcesBuildPhase;
			buildActionMask = 2147483647;
			files = (
				4F9AD6332D0D4F8900458584 /* UserDefaultsManager.swift in Sources */,
				4F87B5F62CFC507A00313178 /* SharedModels.swift in Sources */,
			);
			runOnlyForDeploymentPostprocessing = 0;
		};
		4F9AD61D2D0D471C00458584 /* Sources */ = {
			isa = PBXSourcesBuildPhase;
			buildActionMask = 2147483647;
			files = (
				4F9AD62A2D0D479800458584 /* SharedModels.swift in Sources */,
				4F9AD6342D0D4F8900458584 /* UserDefaultsManager.swift in Sources */,
			);
			runOnlyForDeploymentPostprocessing = 0;
		};
		4FF4B0982C60FF0C003ABC54 /* Sources */ = {
			isa = PBXSourcesBuildPhase;
			buildActionMask = 2147483647;
			files = (
				4F87B5F52CFC503700313178 /* SharedModels.swift in Sources */,
				4FF4B0A42C60FF0C003ABC54 /* TableViewController.swift in Sources */,
				4F9AD63C2D13311900458584 /* CustomTabBarController.swift in Sources */,
				4F87B5A92CFA21A200313178 /* Notifications.swift in Sources */,
				4F42530A2CA4376700906CA7 /* PurchasedItemsViewController.swift in Sources */,
				4FF4B0B42C672C68003ABC54 /* AddItemViewController.swift in Sources */,
				4F9AD6322D0D4F8900458584 /* UserDefaultsManager.swift in Sources */,
				4FF4B0B62C672D45003ABC54 /* ItemTableViewCell.swift in Sources */,
				4FF4B0A02C60FF0C003ABC54 /* AppDelegate.swift in Sources */,
				4FF4B0A22C60FF0C003ABC54 /* SceneDelegate.swift in Sources */,
			);
			runOnlyForDeploymentPostprocessing = 0;
		};
/* End PBXSourcesBuildPhase section */

/* Begin PBXTargetDependency section */
		4F87B5EA2CFC388400313178 /* PBXTargetDependency */ = {
			isa = PBXTargetDependency;
			target = 4F87B5D42CFC388200313178 /* ShoppingListWidgetExtension */;
			targetProxy = 4F87B5E92CFC388400313178 /* PBXContainerItemProxy */;
		};
		4F9AD6262D0D471C00458584 /* PBXTargetDependency */ = {
			isa = PBXTargetDependency;
			target = 4FF4B09B2C60FF0C003ABC54 /* MyShoppingList */;
			targetProxy = 4F9AD6252D0D471C00458584 /* PBXContainerItemProxy */;
		};
/* End PBXTargetDependency section */

/* Begin PBXVariantGroup section */
		4FF4B0A52C60FF0C003ABC54 /* Main.storyboard */ = {
			isa = PBXVariantGroup;
			children = (
				4FF4B0A62C60FF0C003ABC54 /* Base */,
			);
			name = Main.storyboard;
			sourceTree = "<group>";
		};
		4FF4B0AA2C60FF0D003ABC54 /* LaunchScreen.storyboard */ = {
			isa = PBXVariantGroup;
			children = (
				4FF4B0AB2C60FF0D003ABC54 /* Base */,
			);
			name = LaunchScreen.storyboard;
			sourceTree = "<group>";
		};
/* End PBXVariantGroup section */

/* Begin XCBuildConfiguration section */
		4F87B5ED2CFC388400313178 /* Debug */ = {
			isa = XCBuildConfiguration;
			buildSettings = {
				ASSETCATALOG_COMPILER_GLOBAL_ACCENT_COLOR_NAME = AccentColor;
				ASSETCATALOG_COMPILER_WIDGET_BACKGROUND_COLOR_NAME = WidgetBackground;
				CODE_SIGN_ENTITLEMENTS = ShoppingListWidgetExtension.entitlements;
				CODE_SIGN_STYLE = Automatic;
				CURRENT_PROJECT_VERSION = 1;
				DEVELOPMENT_TEAM = 4WRX528UUC;
				GENERATE_INFOPLIST_FILE = YES;
				INFOPLIST_FILE = ShoppingListWidget/Info.plist;
				INFOPLIST_KEY_CFBundleDisplayName = ShoppingListWidget;
				INFOPLIST_KEY_NSHumanReadableCopyright = "";
				IPHONEOS_DEPLOYMENT_TARGET = 18.0;
				LD_RUNPATH_SEARCH_PATHS = (
					"$(inherited)",
					"@executable_path/Frameworks",
					"@executable_path/../../Frameworks",
				);
				MARKETING_VERSION = 1.0;
				PRODUCT_BUNDLE_IDENTIFIER = "com.yuya4514-icloud.MyShoppingList.ShoppingListWidget";
				PRODUCT_NAME = "$(TARGET_NAME)";
				SKIP_INSTALL = YES;
				SWIFT_EMIT_LOC_STRINGS = YES;
				SWIFT_VERSION = 5.0;
				TARGETED_DEVICE_FAMILY = "1,2";
			};
			name = Debug;
		};
		4F87B5EE2CFC388400313178 /* Release */ = {
			isa = XCBuildConfiguration;
			buildSettings = {
				ASSETCATALOG_COMPILER_GLOBAL_ACCENT_COLOR_NAME = AccentColor;
				ASSETCATALOG_COMPILER_WIDGET_BACKGROUND_COLOR_NAME = WidgetBackground;
				CODE_SIGN_ENTITLEMENTS = ShoppingListWidgetExtension.entitlements;
				CODE_SIGN_STYLE = Automatic;
				CURRENT_PROJECT_VERSION = 1;
				DEVELOPMENT_TEAM = 4WRX528UUC;
				GENERATE_INFOPLIST_FILE = YES;
				INFOPLIST_FILE = ShoppingListWidget/Info.plist;
				INFOPLIST_KEY_CFBundleDisplayName = ShoppingListWidget;
				INFOPLIST_KEY_NSHumanReadableCopyright = "";
				IPHONEOS_DEPLOYMENT_TARGET = 18.0;
				LD_RUNPATH_SEARCH_PATHS = (
					"$(inherited)",
					"@executable_path/Frameworks",
					"@executable_path/../../Frameworks",
				);
				MARKETING_VERSION = 1.0;
				PRODUCT_BUNDLE_IDENTIFIER = "com.yuya4514-icloud.MyShoppingList.ShoppingListWidget";
				PRODUCT_NAME = "$(TARGET_NAME)";
				SKIP_INSTALL = YES;
				SWIFT_EMIT_LOC_STRINGS = YES;
				SWIFT_VERSION = 5.0;
				TARGETED_DEVICE_FAMILY = "1,2";
			};
			name = Release;
		};
		4F9AD6272D0D471C00458584 /* Debug */ = {
			isa = XCBuildConfiguration;
			buildSettings = {
				BUNDLE_LOADER = "$(TEST_HOST)";
				CODE_SIGN_STYLE = Automatic;
				CURRENT_PROJECT_VERSION = 1;
				DEFINES_MODULE = YES;
				DEVELOPMENT_TEAM = 4WRX528UUC;
				GENERATE_INFOPLIST_FILE = YES;
				IPHONEOS_DEPLOYMENT_TARGET = 18.0;
				MARKETING_VERSION = 1.0;
				PRODUCT_BUNDLE_IDENTIFIER = "com.yuya4514-icloud.MyShoppingListTests";
				PRODUCT_NAME = "$(TARGET_NAME)";
				SWIFT_EMIT_LOC_STRINGS = NO;
				SWIFT_VERSION = 5.0;
				TARGETED_DEVICE_FAMILY = "1,2";
				TEST_HOST = "$(BUILT_PRODUCTS_DIR)/MyShoppingList.app/$(BUNDLE_EXECUTABLE_FOLDER_PATH)/MyShoppingList";
			};
			name = Debug;
		};
		4F9AD6282D0D471C00458584 /* Release */ = {
			isa = XCBuildConfiguration;
			buildSettings = {
				BUNDLE_LOADER = "$(TEST_HOST)";
				CODE_SIGN_STYLE = Automatic;
				CURRENT_PROJECT_VERSION = 1;
				DEFINES_MODULE = YES;
				DEVELOPMENT_TEAM = 4WRX528UUC;
				GENERATE_INFOPLIST_FILE = YES;
				IPHONEOS_DEPLOYMENT_TARGET = 18.0;
				MARKETING_VERSION = 1.0;
				PRODUCT_BUNDLE_IDENTIFIER = "com.yuya4514-icloud.MyShoppingListTests";
				PRODUCT_NAME = "$(TARGET_NAME)";
				SWIFT_EMIT_LOC_STRINGS = NO;
				SWIFT_VERSION = 5.0;
				TARGETED_DEVICE_FAMILY = "1,2";
				TEST_HOST = "$(BUILT_PRODUCTS_DIR)/MyShoppingList.app/$(BUNDLE_EXECUTABLE_FOLDER_PATH)/MyShoppingList";
			};
			name = Release;
		};
		4FF4B0AE2C60FF0D003ABC54 /* Debug */ = {
			isa = XCBuildConfiguration;
			buildSettings = {
				ALWAYS_SEARCH_USER_PATHS = NO;
				ASSETCATALOG_COMPILER_GENERATE_SWIFT_ASSET_SYMBOL_EXTENSIONS = YES;
				CLANG_ANALYZER_NONNULL = YES;
				CLANG_ANALYZER_NUMBER_OBJECT_CONVERSION = YES_AGGRESSIVE;
				CLANG_CXX_LANGUAGE_STANDARD = "gnu++20";
				CLANG_ENABLE_MODULES = YES;
				CLANG_ENABLE_OBJC_ARC = YES;
				CLANG_ENABLE_OBJC_WEAK = YES;
				CLANG_WARN_BLOCK_CAPTURE_AUTORELEASING = YES;
				CLANG_WARN_BOOL_CONVERSION = YES;
				CLANG_WARN_COMMA = YES;
				CLANG_WARN_CONSTANT_CONVERSION = YES;
				CLANG_WARN_DEPRECATED_OBJC_IMPLEMENTATIONS = YES;
				CLANG_WARN_DIRECT_OBJC_ISA_USAGE = YES_ERROR;
				CLANG_WARN_DOCUMENTATION_COMMENTS = YES;
				CLANG_WARN_EMPTY_BODY = YES;
				CLANG_WARN_ENUM_CONVERSION = YES;
				CLANG_WARN_INFINITE_RECURSION = YES;
				CLANG_WARN_INT_CONVERSION = YES;
				CLANG_WARN_NON_LITERAL_NULL_CONVERSION = YES;
				CLANG_WARN_OBJC_IMPLICIT_RETAIN_SELF = YES;
				CLANG_WARN_OBJC_LITERAL_CONVERSION = YES;
				CLANG_WARN_OBJC_ROOT_CLASS = YES_ERROR;
				CLANG_WARN_QUOTED_INCLUDE_IN_FRAMEWORK_HEADER = YES;
				CLANG_WARN_RANGE_LOOP_ANALYSIS = YES;
				CLANG_WARN_STRICT_PROTOTYPES = YES;
				CLANG_WARN_SUSPICIOUS_MOVE = YES;
				CLANG_WARN_UNGUARDED_AVAILABILITY = YES_AGGRESSIVE;
				CLANG_WARN_UNREACHABLE_CODE = YES;
				CLANG_WARN__DUPLICATE_METHOD_MATCH = YES;
				COPY_PHASE_STRIP = NO;
				DEBUG_INFORMATION_FORMAT = dwarf;
				ENABLE_STRICT_OBJC_MSGSEND = YES;
				ENABLE_TESTABILITY = YES;
				ENABLE_USER_SCRIPT_SANDBOXING = YES;
				GCC_C_LANGUAGE_STANDARD = gnu17;
				GCC_DYNAMIC_NO_PIC = NO;
				GCC_NO_COMMON_BLOCKS = YES;
				GCC_OPTIMIZATION_LEVEL = 0;
				GCC_PREPROCESSOR_DEFINITIONS = (
					"DEBUG=1",
					"$(inherited)",
				);
				GCC_WARN_64_TO_32_BIT_CONVERSION = YES;
				GCC_WARN_ABOUT_RETURN_TYPE = YES_ERROR;
				GCC_WARN_UNDECLARED_SELECTOR = YES;
				GCC_WARN_UNINITIALIZED_AUTOS = YES_AGGRESSIVE;
				GCC_WARN_UNUSED_FUNCTION = YES;
				GCC_WARN_UNUSED_VARIABLE = YES;
				IPHONEOS_DEPLOYMENT_TARGET = 17.5;
				LOCALIZATION_PREFERS_STRING_CATALOGS = YES;
				MTL_ENABLE_DEBUG_INFO = INCLUDE_SOURCE;
				MTL_FAST_MATH = YES;
				ONLY_ACTIVE_ARCH = YES;
				SDKROOT = iphoneos;
				SWIFT_ACTIVE_COMPILATION_CONDITIONS = "DEBUG $(inherited)";
				SWIFT_OPTIMIZATION_LEVEL = "-Onone";
			};
			name = Debug;
		};
		4FF4B0AF2C60FF0D003ABC54 /* Release */ = {
			isa = XCBuildConfiguration;
			buildSettings = {
				ALWAYS_SEARCH_USER_PATHS = NO;
				ASSETCATALOG_COMPILER_GENERATE_SWIFT_ASSET_SYMBOL_EXTENSIONS = YES;
				CLANG_ANALYZER_NONNULL = YES;
				CLANG_ANALYZER_NUMBER_OBJECT_CONVERSION = YES_AGGRESSIVE;
				CLANG_CXX_LANGUAGE_STANDARD = "gnu++20";
				CLANG_ENABLE_MODULES = YES;
				CLANG_ENABLE_OBJC_ARC = YES;
				CLANG_ENABLE_OBJC_WEAK = YES;
				CLANG_WARN_BLOCK_CAPTURE_AUTORELEASING = YES;
				CLANG_WARN_BOOL_CONVERSION = YES;
				CLANG_WARN_COMMA = YES;
				CLANG_WARN_CONSTANT_CONVERSION = YES;
				CLANG_WARN_DEPRECATED_OBJC_IMPLEMENTATIONS = YES;
				CLANG_WARN_DIRECT_OBJC_ISA_USAGE = YES_ERROR;
				CLANG_WARN_DOCUMENTATION_COMMENTS = YES;
				CLANG_WARN_EMPTY_BODY = YES;
				CLANG_WARN_ENUM_CONVERSION = YES;
				CLANG_WARN_INFINITE_RECURSION = YES;
				CLANG_WARN_INT_CONVERSION = YES;
				CLANG_WARN_NON_LITERAL_NULL_CONVERSION = YES;
				CLANG_WARN_OBJC_IMPLICIT_RETAIN_SELF = YES;
				CLANG_WARN_OBJC_LITERAL_CONVERSION = YES;
				CLANG_WARN_OBJC_ROOT_CLASS = YES_ERROR;
				CLANG_WARN_QUOTED_INCLUDE_IN_FRAMEWORK_HEADER = YES;
				CLANG_WARN_RANGE_LOOP_ANALYSIS = YES;
				CLANG_WARN_STRICT_PROTOTYPES = YES;
				CLANG_WARN_SUSPICIOUS_MOVE = YES;
				CLANG_WARN_UNGUARDED_AVAILABILITY = YES_AGGRESSIVE;
				CLANG_WARN_UNREACHABLE_CODE = YES;
				CLANG_WARN__DUPLICATE_METHOD_MATCH = YES;
				COPY_PHASE_STRIP = NO;
				DEBUG_INFORMATION_FORMAT = "dwarf-with-dsym";
				ENABLE_NS_ASSERTIONS = NO;
				ENABLE_STRICT_OBJC_MSGSEND = YES;
				ENABLE_USER_SCRIPT_SANDBOXING = YES;
				GCC_C_LANGUAGE_STANDARD = gnu17;
				GCC_NO_COMMON_BLOCKS = YES;
				GCC_WARN_64_TO_32_BIT_CONVERSION = YES;
				GCC_WARN_ABOUT_RETURN_TYPE = YES_ERROR;
				GCC_WARN_UNDECLARED_SELECTOR = YES;
				GCC_WARN_UNINITIALIZED_AUTOS = YES_AGGRESSIVE;
				GCC_WARN_UNUSED_FUNCTION = YES;
				GCC_WARN_UNUSED_VARIABLE = YES;
				IPHONEOS_DEPLOYMENT_TARGET = 17.5;
				LOCALIZATION_PREFERS_STRING_CATALOGS = YES;
				MTL_ENABLE_DEBUG_INFO = NO;
				MTL_FAST_MATH = YES;
				SDKROOT = iphoneos;
				SWIFT_COMPILATION_MODE = wholemodule;
				VALIDATE_PRODUCT = YES;
			};
			name = Release;
		};
		4FF4B0B12C60FF0D003ABC54 /* Debug */ = {
			isa = XCBuildConfiguration;
			buildSettings = {
				ASSETCATALOG_COMPILER_APPICON_NAME = AppIcon;
				ASSETCATALOG_COMPILER_GLOBAL_ACCENT_COLOR_NAME = AccentColor;
				CODE_SIGN_ENTITLEMENTS = MyShoppingList/MyShoppingList.entitlements;
				CODE_SIGN_STYLE = Automatic;
				CURRENT_PROJECT_VERSION = 1;
				DEVELOPMENT_TEAM = 4WRX528UUC;
				GENERATE_INFOPLIST_FILE = YES;
				INFOPLIST_FILE = MyShoppingList/Info.plist;
				INFOPLIST_KEY_CFBundleDisplayName = "買いリス";
				INFOPLIST_KEY_UIApplicationSupportsIndirectInputEvents = YES;
				INFOPLIST_KEY_UILaunchStoryboardName = LaunchScreen;
				INFOPLIST_KEY_UIMainStoryboardFile = Main;
				INFOPLIST_KEY_UIRequiresFullScreen = YES;
				INFOPLIST_KEY_UISupportedInterfaceOrientations_iPad = UIInterfaceOrientationPortrait;
				INFOPLIST_KEY_UISupportedInterfaceOrientations_iPhone = UIInterfaceOrientationPortrait;
				LD_RUNPATH_SEARCH_PATHS = (
					"$(inherited)",
					"@executable_path/Frameworks",
				);
				MARKETING_VERSION = 1.0;
				PRODUCT_BUNDLE_IDENTIFIER = "com.yuya4514-icloud.MyShoppingList";
				PRODUCT_NAME = "$(TARGET_NAME)";
				SWIFT_EMIT_LOC_STRINGS = YES;
				SWIFT_VERSION = 5.0;
				TARGETED_DEVICE_FAMILY = "1,2";
			};
			name = Debug;
		};
		4FF4B0B22C60FF0D003ABC54 /* Release */ = {
			isa = XCBuildConfiguration;
			buildSettings = {
				ASSETCATALOG_COMPILER_APPICON_NAME = AppIcon;
				ASSETCATALOG_COMPILER_GLOBAL_ACCENT_COLOR_NAME = AccentColor;
				CODE_SIGN_ENTITLEMENTS = MyShoppingList/MyShoppingList.entitlements;
				CODE_SIGN_STYLE = Automatic;
				CURRENT_PROJECT_VERSION = 1;
				DEVELOPMENT_TEAM = 4WRX528UUC;
				GENERATE_INFOPLIST_FILE = YES;
				INFOPLIST_FILE = MyShoppingList/Info.plist;
				INFOPLIST_KEY_CFBundleDisplayName = "買いリス";
				INFOPLIST_KEY_UIApplicationSupportsIndirectInputEvents = YES;
				INFOPLIST_KEY_UILaunchStoryboardName = LaunchScreen;
				INFOPLIST_KEY_UIMainStoryboardFile = Main;
				INFOPLIST_KEY_UIRequiresFullScreen = YES;
				INFOPLIST_KEY_UISupportedInterfaceOrientations_iPad = UIInterfaceOrientationPortrait;
				INFOPLIST_KEY_UISupportedInterfaceOrientations_iPhone = UIInterfaceOrientationPortrait;
				LD_RUNPATH_SEARCH_PATHS = (
					"$(inherited)",
					"@executable_path/Frameworks",
				);
				MARKETING_VERSION = 1.0;
				PRODUCT_BUNDLE_IDENTIFIER = "com.yuya4514-icloud.MyShoppingList";
				PRODUCT_NAME = "$(TARGET_NAME)";
				SWIFT_EMIT_LOC_STRINGS = YES;
				SWIFT_VERSION = 5.0;
				TARGETED_DEVICE_FAMILY = "1,2";
			};
			name = Release;
		};
/* End XCBuildConfiguration section */

/* Begin XCConfigurationList section */
		4F87B5F02CFC388400313178 /* Build configuration list for PBXNativeTarget "ShoppingListWidgetExtension" */ = {
			isa = XCConfigurationList;
			buildConfigurations = (
				4F87B5ED2CFC388400313178 /* Debug */,
				4F87B5EE2CFC388400313178 /* Release */,
			);
			defaultConfigurationIsVisible = 0;
			defaultConfigurationName = Release;
		};
		4F9AD6292D0D471C00458584 /* Build configuration list for PBXNativeTarget "MyShoppingListTests" */ = {
			isa = XCConfigurationList;
			buildConfigurations = (
				4F9AD6272D0D471C00458584 /* Debug */,
				4F9AD6282D0D471C00458584 /* Release */,
			);
			defaultConfigurationIsVisible = 0;
			defaultConfigurationName = Release;
		};
		4FF4B0972C60FF0C003ABC54 /* Build configuration list for PBXProject "MyShoppingList" */ = {
			isa = XCConfigurationList;
			buildConfigurations = (
				4FF4B0AE2C60FF0D003ABC54 /* Debug */,
				4FF4B0AF2C60FF0D003ABC54 /* Release */,
			);
			defaultConfigurationIsVisible = 0;
			defaultConfigurationName = Release;
		};
		4FF4B0B02C60FF0D003ABC54 /* Build configuration list for PBXNativeTarget "MyShoppingList" */ = {
			isa = XCConfigurationList;
			buildConfigurations = (
				4FF4B0B12C60FF0D003ABC54 /* Debug */,
				4FF4B0B22C60FF0D003ABC54 /* Release */,
			);
			defaultConfigurationIsVisible = 0;
			defaultConfigurationName = Release;
		};
/* End XCConfigurationList section */
	};
	rootObject = 4FF4B0942C60FF0C003ABC54 /* Project object */;
}
